
Microsoft Visual Studio Solution File, Format Version 12.00
# Visual Studio Version 16
VisualStudioVersion = 16.0.30413.136
MinimumVisualStudioVersion = 10.0.40219.1
Project("{FAE04EC0-301F-11D3-BF4B-00C04F79EFBC}") = "Egorik", "Egorik\Egorik.csproj", "{32DF8481-EB12-4806-85ED-2B4947916937}"
EndProject
Global
	GlobalSection(SolutionConfigurationPlatforms) = preSolution
		Debug|Any CPU = Debug|Any CPU
		Release|Any CPU = Release|Any CPU
	EndGlobalSection
	GlobalSection(ProjectConfigurationPlatforms) = postSolution
		{32DF8481-EB12-4806-85ED-2B4947916937}.Debug|Any CPU.ActiveCfg = Debug|Any CPU
		{32DF8481-EB12-4806-85ED-2B4947916937}.Debug|Any CPU.Build.0 = Debug|Any CPU
		{32DF8481-EB12-4806-85ED-2B4947916937}.Release|Any CPU.ActiveCfg = Release|Any CPU
		{32DF8481-EB12-4806-85ED-2B4947916937}.Release|Any CPU.Build.0 = Release|Any CPU
	EndGlobalSection
	GlobalSection(SolutionProperties) = preSolution
		HideSolutionNode = FALSE
	EndGlobalSection
	GlobalSection(ExtensibilityGlobals) = postSolution
		SolutionGuid = {54CB4EB6-F829-431D-AB87-17F553A1B410}
	EndGlobalSection
EndGlobal
